// !$*UTF8*$!
{
	archiveVersion = 1;
	classes = {
	};
	objectVersion = 77;
	objects = {

/* Begin PBXContainerItemProxy section */
		F0A4A1582D4087B900B04DFC /* PBXContainerItemProxy */ = {
			isa = PBXContainerItemProxy;
			containerPortal = F0A4A13F2D4087B800B04DFC /* Project object */;
			proxyType = 1;
			remoteGlobalIDString = F0A4A1462D4087B900B04DFC;
			remoteInfo = "First iOS App";
		};
		F0A4A1622D4087B900B04DFC /* PBXContainerItemProxy */ = {
			isa = PBXContainerItemProxy;
			containerPortal = F0A4A13F2D4087B800B04DFC /* Project object */;
			proxyType = 1;
			remoteGlobalIDString = F0A4A1462D4087B900B04DFC;
			remoteInfo = "First iOS App";
		};
/* End PBXContainerItemProxy section */

/* Begin PBXFileReference section */
		F0A4A1472D4087B900B04DFC /* First iOS App.app */ = {isa = PBXFileReference; explicitFileType = wrapper.application; includeInIndex = 0; path = "First iOS App.app"; sourceTree = BUILT_PRODUCTS_DIR; };
		F0A4A1572D4087B900B04DFC /* First iOS AppTests.xctest */ = {isa = PBXFileReference; explicitFileType = wrapper.cfbundle; includeInIndex = 0; path = "First iOS AppTests.xctest"; sourceTree = BUILT_PRODUCTS_DIR; };
		F0A4A1612D4087B900B04DFC /* First iOS AppUITests.xctest */ = {isa = PBXFileReference; explicitFileType = wrapper.cfbundle; includeInIndex = 0; path = "First iOS AppUITests.xctest"; sourceTree = BUILT_PRODUCTS_DIR; };
/* End PBXFileReference section */

/* Begin PBXFileSystemSynchronizedRootGroup section */
		F0A4A1492D4087B900B04DFC /* First iOS App */ = {
			isa = PBXFileSystemSynchronizedRootGroup;
			path = "First iOS App";
			sourceTree = "<group>";
		};
		F0A4A15A2D4087B900B04DFC /* First iOS AppTests */ = {
			isa = PBXFileSystemSynchronizedRootGroup;
			path = "First iOS AppTests";
			sourceTree = "<group>";
		};
		F0A4A1642D4087B900B04DFC /* First iOS AppUITests */ = {
			isa = PBXFileSystemSynchronizedRootGroup;
			path = "First iOS AppUITests";
			sourceTree = "<group>";
		};
/* End PBXFileSystemSynchronizedRootGroup section */

/* Begin PBXFrameworksBuildPhase section */
		F0A4A1442D4087B900B04DFC /* Frameworks */ = {
			isa = PBXFrameworksBuildPhase;
			buildActionMask = 2147483647;
			files = (
			);
			runOnlyForDeploymentPostprocessing = 0;
		};
		F0A4A1542D4087B900B04DFC /* Frameworks */ = {
			isa = PBXFrameworksBuildPhase;
			buildActionMask = 2147483647;
			files = (
			);
			runOnlyForDeploymentPostprocessing = 0;
		};
		F0A4A15E2D4087B900B04DFC /* Frameworks */ = {
			isa = PBXFrameworksBuildPhase;
			buildActionMask = 2147483647;
			files = (
			);
			runOnlyForDeploymentPostprocessing = 0;
		};
/* End PBXFrameworksBuildPhase section */

/* Begin PBXGroup section */
		F0A4A13E2D4087B800B04DFC = {
			isa = PBXGroup;
			children = (
				F0A4A1492D4087B900B04DFC /* First iOS App */,
				F0A4A15A2D4087B900B04DFC /* First iOS AppTests */,
				F0A4A1642D4087B900B04DFC /* First iOS AppUITests */,
				F0A4A1482D4087B900B04DFC /* Products */,
			);
			sourceTree = "<group>";
		};
		F0A4A1482D4087B900B04DFC /* Products */ = {
			isa = PBXGroup;
			children = (
				F0A4A1472D4087B900B04DFC /* First iOS App.app */,
				F0A4A1572D4087B900B04DFC /* First iOS AppTests.xctest */,
				F0A4A1612D4087B900B04DFC /* First iOS AppUITests.xctest */,
			);
			name = Products;
			sourceTree = "<group>";
		};
/* End PBXGroup section */

/* Begin PBXNativeTarget section */
		F0A4A1462D4087B900B04DFC /* First iOS App */ = {
			isa = PBXNativeTarget;
			buildConfigurationList = F0A4A16B2D4087BA00B04DFC /* Build configuration list for PBXNativeTarget "First iOS App" */;
			buildPhases = (
				F0A4A1432D4087B900B04DFC /* Sources */,
				F0A4A1442D4087B900B04DFC /* Frameworks */,
				F0A4A1452D4087B900B04DFC /* Resources */,
			);
			buildRules = (
			);
			dependencies = (
			);
			fileSystemSynchronizedGroups = (
				F0A4A1492D4087B900B04DFC /* First iOS App */,
			);
			name = "First iOS App";
			packageProductDependencies = (
			);
			productName = "First iOS App";
			productReference = F0A4A1472D4087B900B04DFC /* First iOS App.app */;
			productType = "com.apple.product-type.application";
		};
		F0A4A1562D4087B900B04DFC /* First iOS AppTests */ = {
			isa = PBXNativeTarget;
			buildConfigurationList = F0A4A16E2D4087BA00B04DFC /* Build configuration list for PBXNativeTarget "First iOS AppTests" */;
			buildPhases = (
				F0A4A1532D4087B900B04DFC /* Sources */,
				F0A4A1542D4087B900B04DFC /* Frameworks */,
				F0A4A1552D4087B900B04DFC /* Resources */,
			);
			buildRules = (
			);
			dependencies = (
				F0A4A1592D4087B900B04DFC /* PBXTargetDependency */,
			);
			fileSystemSynchronizedGroups = (
				F0A4A15A2D4087B900B04DFC /* First iOS AppTests */,
			);
			name = "First iOS AppTests";
			packageProductDependencies = (
			);
			productName = "First iOS AppTests";
			productReference = F0A4A1572D4087B900B04DFC /* First iOS AppTests.xctest */;
			productType = "com.apple.product-type.bundle.unit-test";
		};
		F0A4A1602D4087B900B04DFC /* First iOS AppUITests */ = {
			isa = PBXNativeTarget;
			buildConfigurationList = F0A4A1712D4087BA00B04DFC /* Build configuration list for PBXNativeTarget "First iOS AppUITests" */;
			buildPhases = (
				F0A4A15D2D4087B900B04DFC /* Sources */,
				F0A4A15E2D4087B900B04DFC /* Frameworks */,
				F0A4A15F2D4087B900B04DFC /* Resources */,
			);
			buildRules = (
			);
			dependencies = (
				F0A4A1632D4087B900B04DFC /* PBXTargetDependency */,
			);
			fileSystemSynchronizedGroups = (
				F0A4A1642D4087B900B04DFC /* First iOS AppUITests */,
			);
			name = "First iOS AppUITests";
			packageProductDependencies = (
			);
			productName = "First iOS AppUITests";
			productReference = F0A4A1612D4087B900B04DFC /* First iOS AppUITests.xctest */;
			productType = "com.apple.product-type.bundle.ui-testing";
		};
/* End PBXNativeTarget section */

/* Begin PBXProject section */
		F0A4A13F2D4087B800B04DFC /* Project object */ = {
			isa = PBXProject;
			attributes = {
				BuildIndependentTargetsInParallel = 1;
				LastSwiftUpdateCheck = 1620;
				LastUpgradeCheck = 1620;
				TargetAttributes = {
					F0A4A1462D4087B900B04DFC = {
						CreatedOnToolsVersion = 16.2;
					};
					F0A4A1562D4087B900B04DFC = {
						CreatedOnToolsVersion = 16.2;
						TestTargetID = F0A4A1462D4087B900B04DFC;
					};
					F0A4A1602D4087B900B04DFC = {
						CreatedOnToolsVersion = 16.2;
						TestTargetID = F0A4A1462D4087B900B04DFC;
					};
				};
			};
			buildConfigurationList = F0A4A1422D4087B800B04DFC /* Build configuration list for PBXProject "First iOS App" */;
			developmentRegion = en;
			hasScannedForEncodings = 0;
			knownRegions = (
				en,
				Base,
			);
			mainGroup = F0A4A13E2D4087B800B04DFC;
			minimizedProjectReferenceProxies = 1;
			preferredProjectObjectVersion = 77;
			productRefGroup = F0A4A1482D4087B900B04DFC /* Products */;
			projectDirPath = "";
			projectRoot = "";
			targets = (
				F0A4A1462D4087B900B04DFC /* First iOS App */,
				F0A4A1562D4087B900B04DFC /* First iOS AppTests */,
				F0A4A1602D4087B900B04DFC /* First iOS AppUITests */,
			);
		};
/* End PBXProject section */

/* Begin PBXResourcesBuildPhase section */
		F0A4A1452D4087B900B04DFC /* Resources */ = {
			isa = PBXResourcesBuildPhase;
			buildActionMask = 2147483647;
			files = (
			);
			runOnlyForDeploymentPostprocessing = 0;
		};
		F0A4A1552D4087B900B04DFC /* Resources */ = {
			isa = PBXResourcesBuildPhase;
			buildActionMask = 2147483647;
			files = (
			);
			runOnlyForDeploymentPostprocessing = 0;
		};
		F0A4A15F2D4087B900B04DFC /* Resources */ = {
			isa = PBXResourcesBuildPhase;
			buildActionMask = 2147483647;
			files = (
			);
			runOnlyForDeploymentPostprocessing = 0;
		};
/* End PBXResourcesBuildPhase section */

/* Begin PBXSourcesBuildPhase section */
		F0A4A1432D4087B900B04DFC /* Sources */ = {
			isa = PBXSourcesBuildPhase;
			buildActionMask = 2147483647;
			files = (
			);
			runOnlyForDeploymentPostprocessing = 0;
		};
		F0A4A1532D4087B900B04DFC /* Sources */ = {
			isa = PBXSourcesBuildPhase;
			buildActionMask = 2147483647;
			files = (
			);
			runOnlyForDeploymentPostprocessing = 0;
		};
		F0A4A15D2D4087B900B04DFC /* Sources */ = {
			isa = PBXSourcesBuildPhase;
			buildActionMask = 2147483647;
			files = (
			);
			runOnlyForDeploymentPostprocessing = 0;
		};
/* End PBXSourcesBuildPhase section */

/* Begin PBXTargetDependency section */
		F0A4A1592D4087B900B04DFC /* PBXTargetDependency */ = {
			isa = PBXTargetDependency;
			target = F0A4A1462D4087B900B04DFC /* First iOS App */;
			targetProxy = F0A4A1582D4087B900B04DFC /* PBXContainerItemProxy */;
		};
		F0A4A1632D4087B900B04DFC /* PBXTargetDependency */ = {
			isa = PBXTargetDependency;
			target = F0A4A1462D4087B900B04DFC /* First iOS App */;
			targetProxy = F0A4A1622D4087B900B04DFC /* PBXContainerItemProxy */;
		};
/* End PBXTargetDependency section */

/* Begin XCBuildConfiguration section */
		F0A4A1692D4087BA00B04DFC /* Debug */ = {
			isa = XCBuildConfiguration;
			buildSettings = {
				ALWAYS_SEARCH_USER_PATHS = NO;
				ASSETCATALOG_COMPILER_GENERATE_SWIFT_ASSET_SYMBOL_EXTENSIONS = YES;
				CLANG_ANALYZER_NONNULL = YES;
				CLANG_ANALYZER_NUMBER_OBJECT_CONVERSION = YES_AGGRESSIVE;
				CLANG_CXX_LANGUAGE_STANDARD = "gnu++20";
				CLANG_ENABLE_MODULES = YES;
				CLANG_ENABLE_OBJC_ARC = YES;
				CLANG_ENABLE_OBJC_WEAK = YES;
				CLANG_WARN_BLOCK_CAPTURE_AUTORELEASING = YES;
				CLANG_WARN_BOOL_CONVERSION = YES;
				CLANG_WARN_COMMA = YES;
				CLANG_WARN_CONSTANT_CONVERSION = YES;
				CLANG_WARN_DEPRECATED_OBJC_IMPLEMENTATIONS = YES;
				CLANG_WARN_DIRECT_OBJC_ISA_USAGE = YES_ERROR;
				CLANG_WARN_DOCUMENTATION_COMMENTS = YES;
				CLANG_WARN_EMPTY_BODY = YES;
				CLANG_WARN_ENUM_CONVERSION = YES;
				CLANG_WARN_INFINITE_RECURSION = YES;
				CLANG_WARN_INT_CONVERSION = YES;
				CLANG_WARN_NON_LITERAL_NULL_CONVERSION = YES;
				CLANG_WARN_OBJC_IMPLICIT_RETAIN_SELF = YES;
				CLANG_WARN_OBJC_LITERAL_CONVERSION = YES;
				CLANG_WARN_OBJC_ROOT_CLASS = YES_ERROR;
				CLANG_WARN_QUOTED_INCLUDE_IN_FRAMEWORK_HEADER = YES;
				CLANG_WARN_RANGE_LOOP_ANALYSIS = YES;
				CLANG_WARN_STRICT_PROTOTYPES = YES;
				CLANG_WARN_SUSPICIOUS_MOVE = YES;
				CLANG_WARN_UNGUARDED_AVAILABILITY = YES_AGGRESSIVE;
				CLANG_WARN_UNREACHABLE_CODE = YES;
				CLANG_WARN__DUPLICATE_METHOD_MATCH = YES;
				COPY_PHASE_STRIP = NO;
				DEBUG_INFORMATION_FORMAT = dwarf;
				ENABLE_STRICT_OBJC_MSGSEND = YES;
				ENABLE_TESTABILITY = YES;
				ENABLE_USER_SCRIPT_SANDBOXING = YES;
				GCC_C_LANGUAGE_STANDARD = gnu17;
				GCC_DYNAMIC_NO_PIC = NO;
				GCC_NO_COMMON_BLOCKS = YES;
				GCC_OPTIMIZATION_LEVEL = 0;
				GCC_PREPROCESSOR_DEFINITIONS = (
					"DEBUG=1",
					"$(inherited)",
				);
				GCC_WARN_64_TO_32_BIT_CONVERSION = YES;
				GCC_WARN_ABOUT_RETURN_TYPE = YES_ERROR;
				GCC_WARN_UNDECLARED_SELECTOR = YES;
				GCC_WARN_UNINITIALIZED_AUTOS = YES_AGGRESSIVE;
				GCC_WARN_UNUSED_FUNCTION = YES;
				GCC_WARN_UNUSED_VARIABLE = YES;
				IPHONEOS_DEPLOYMENT_TARGET = 18.2;
				LOCALIZATION_PREFERS_STRING_CATALOGS = YES;
				MTL_ENABLE_DEBUG_INFO = INCLUDE_SOURCE;
				MTL_FAST_MATH = YES;
				ONLY_ACTIVE_ARCH = YES;
				SDKROOT = iphoneos;
				SWIFT_ACTIVE_COMPILATION_CONDITIONS = "DEBUG $(inherited)";
				SWIFT_OPTIMIZATION_LEVEL = "-Onone";
			};
			name = Debug;
		};
		F0A4A16A2D4087BA00B04DFC /* Release */ = {
			isa = XCBuildConfiguration;
			buildSettings = {
				ALWAYS_SEARCH_USER_PATHS = NO;
				ASSETCATALOG_COMPILER_GENERATE_SWIFT_ASSET_SYMBOL_EXTENSIONS = YES;
				CLANG_ANALYZER_NONNULL = YES;
				CLANG_ANALYZER_NUMBER_OBJECT_CONVERSION = YES_AGGRESSIVE;
				CLANG_CXX_LANGUAGE_STANDARD = "gnu++20";
				CLANG_ENABLE_MODULES = YES;
				CLANG_ENABLE_OBJC_ARC = YES;
				CLANG_ENABLE_OBJC_WEAK = YES;
				CLANG_WARN_BLOCK_CAPTURE_AUTORELEASING = YES;
				CLANG_WARN_BOOL_CONVERSION = YES;
				CLANG_WARN_COMMA = YES;
				CLANG_WARN_CONSTANT_CONVERSION = YES;
				CLANG_WARN_DEPRECATED_OBJC_IMPLEMENTATIONS = YES;
				CLANG_WARN_DIRECT_OBJC_ISA_USAGE = YES_ERROR;
				CLANG_WARN_DOCUMENTATION_COMMENTS = YES;
				CLANG_WARN_EMPTY_BODY = YES;
				CLANG_WARN_ENUM_CONVERSION = YES;
				CLANG_WARN_INFINITE_RECURSION = YES;
				CLANG_WARN_INT_CONVERSION = YES;
				CLANG_WARN_NON_LITERAL_NULL_CONVERSION = YES;
				CLANG_WARN_OBJC_IMPLICIT_RETAIN_SELF = YES;
				CLANG_WARN_OBJC_LITERAL_CONVERSION = YES;
				CLANG_WARN_OBJC_ROOT_CLASS = YES_ERROR;
				CLANG_WARN_QUOTED_INCLUDE_IN_FRAMEWORK_HEADER = YES;
				CLANG_WARN_RANGE_LOOP_ANALYSIS = YES;
				CLANG_WARN_STRICT_PROTOTYPES = YES;
				CLANG_WARN_SUSPICIOUS_MOVE = YES;
				CLANG_WARN_UNGUARDED_AVAILABILITY = YES_AGGRESSIVE;
				CLANG_WARN_UNREACHABLE_CODE = YES;
				CLANG_WARN__DUPLICATE_METHOD_MATCH = YES;
				COPY_PHASE_STRIP = NO;
				DEBUG_INFORMATION_FORMAT = "dwarf-with-dsym";
				ENABLE_NS_ASSERTIONS = NO;
				ENABLE_STRICT_OBJC_MSGSEND = YES;
				ENABLE_USER_SCRIPT_SANDBOXING = YES;
				GCC_C_LANGUAGE_STANDARD = gnu17;
				GCC_NO_COMMON_BLOCKS = YES;
				GCC_WARN_64_TO_32_BIT_CONVERSION = YES;
				GCC_WARN_ABOUT_RETURN_TYPE = YES_ERROR;
				GCC_WARN_UNDECLARED_SELECTOR = YES;
				GCC_WARN_UNINITIALIZED_AUTOS = YES_AGGRESSIVE;
				GCC_WARN_UNUSED_FUNCTION = YES;
				GCC_WARN_UNUSED_VARIABLE = YES;
				IPHONEOS_DEPLOYMENT_TARGET = 18.2;
				LOCALIZATION_PREFERS_STRING_CATALOGS = YES;
				MTL_ENABLE_DEBUG_INFO = NO;
				MTL_FAST_MATH = YES;
				SDKROOT = iphoneos;
				SWIFT_COMPILATION_MODE = wholemodule;
				VALIDATE_PRODUCT = YES;
			};
			name = Release;
		};
		F0A4A16C2D4087BA00B04DFC /* Debug */ = {
			isa = XCBuildConfiguration;
			buildSettings = {
				ASSETCATALOG_COMPILER_APPICON_NAME = AppIcon;
				ASSETCATALOG_COMPILER_GLOBAL_ACCENT_COLOR_NAME = AccentColor;
				CODE_SIGN_STYLE = Automatic;
				CURRENT_PROJECT_VERSION = 1;
				DEVELOPMENT_ASSET_PATHS = "\"First iOS App/Preview Content\"";
				DEVELOPMENT_TEAM = 6FA7X3MCRW;
				ENABLE_PREVIEWS = YES;
				GENERATE_INFOPLIST_FILE = YES;
				INFOPLIST_KEY_UIApplicationSceneManifest_Generation = YES;
				INFOPLIST_KEY_UIApplicationSupportsIndirectInputEvents = YES;
				INFOPLIST_KEY_UILaunchScreen_Generation = YES;
				INFOPLIST_KEY_UISupportedInterfaceOrientations_iPad = "UIInterfaceOrientationPortrait UIInterfaceOrientationPortraitUpsideDown UIInterfaceOrientationLandscapeLeft UIInterfaceOrientationLandscapeRight";
				INFOPLIST_KEY_UISupportedInterfaceOrientations_iPhone = "UIInterfaceOrientationPortrait UIInterfaceOrientationLandscapeLeft UIInterfaceOrientationLandscapeRight";
				LD_RUNPATH_SEARCH_PATHS = (
					"$(inherited)",
					"@executable_path/Frameworks",
				);
				MARKETING_VERSION = 1.0;
				PRODUCT_BUNDLE_IDENTIFIER = "com.anirudhsevugan.First-iOS-App";
				PRODUCT_NAME = "$(TARGET_NAME)";
				SWIFT_EMIT_LOC_STRINGS = YES;
				SWIFT_VERSION = 5.0;
				TARGETED_DEVICE_FAMILY = "1,2";
			};
			name = Debug;
		};
		F0A4A16D2D4087BA00B04DFC /* Release */ = {
			isa = XCBuildConfiguration;
			buildSettings = {
				ASSETCATALOG_COMPILER_APPICON_NAME = AppIcon;
				ASSETCATALOG_COMPILER_GLOBAL_ACCENT_COLOR_NAME = AccentColor;
				CODE_SIGN_STYLE = Automatic;
				CURRENT_PROJECT_VERSION = 1;
				DEVELOPMENT_ASSET_PATHS = "\"First iOS App/Preview Content\"";
				DEVELOPMENT_TEAM = 6FA7X3MCRW;
				ENABLE_PREVIEWS = YES;
				GENERATE_INFOPLIST_FILE = YES;
				INFOPLIST_KEY_UIApplicationSceneManifest_Generation = YES;
				INFOPLIST_KEY_UIApplicationSupportsIndirectInputEvents = YES;
				INFOPLIST_KEY_UILaunchScreen_Generation = YES;
				INFOPLIST_KEY_UISupportedInterfaceOrientations_iPad = "UIInterfaceOrientationPortrait UIInterfaceOrientationPortraitUpsideDown UIInterfaceOrientationLandscapeLeft UIInterfaceOrientationLandscapeRight";
				INFOPLIST_KEY_UISupportedInterfaceOrientations_iPhone = "UIInterfaceOrientationPortrait UIInterfaceOrientationLandscapeLeft UIInterfaceOrientationLandscapeRight";
				LD_RUNPATH_SEARCH_PATHS = (
					"$(inherited)",
					"@executable_path/Frameworks",
				);
				MARKETING_VERSION = 1.0;
				PRODUCT_BUNDLE_IDENTIFIER = "com.anirudhsevugan.First-iOS-App";
				PRODUCT_NAME = "$(TARGET_NAME)";
				SWIFT_EMIT_LOC_STRINGS = YES;
				SWIFT_VERSION = 5.0;
				TARGETED_DEVICE_FAMILY = "1,2";
			};
			name = Release;
		};
		F0A4A16F2D4087BA00B04DFC /* Debug */ = {
			isa = XCBuildConfiguration;
			buildSettings = {
				BUNDLE_LOADER = "$(TEST_HOST)";
				CODE_SIGN_STYLE = Automatic;
				CURRENT_PROJECT_VERSION = 1;
				DEVELOPMENT_TEAM = 6FA7X3MCRW;
				GENERATE_INFOPLIST_FILE = YES;
				IPHONEOS_DEPLOYMENT_TARGET = 18.2;
				MARKETING_VERSION = 1.0;
				PRODUCT_BUNDLE_IDENTIFIER = "com.anirudhsevugan.First-iOS-AppTests";
				PRODUCT_NAME = "$(TARGET_NAME)";
				SWIFT_EMIT_LOC_STRINGS = NO;
				SWIFT_VERSION = 5.0;
				TARGETED_DEVICE_FAMILY = "1,2";
				TEST_HOST = "$(BUILT_PRODUCTS_DIR)/First iOS App.app/$(BUNDLE_EXECUTABLE_FOLDER_PATH)/First iOS App";
			};
			name = Debug;
		};
		F0A4A1702D4087BA00B04DFC /* Release */ = {
			isa = XCBuildConfiguration;
			buildSettings = {
				BUNDLE_LOADER = "$(TEST_HOST)";
				CODE_SIGN_STYLE = Automatic;
				CURRENT_PROJECT_VERSION = 1;
				DEVELOPMENT_TEAM = 6FA7X3MCRW;
				GENERATE_INFOPLIST_FILE = YES;
				IPHONEOS_DEPLOYMENT_TARGET = 18.2;
				MARKETING_VERSION = 1.0;
				PRODUCT_BUNDLE_IDENTIFIER = "com.anirudhsevugan.First-iOS-AppTests";
				PRODUCT_NAME = "$(TARGET_NAME)";
				SWIFT_EMIT_LOC_STRINGS = NO;
				SWIFT_VERSION = 5.0;
				TARGETED_DEVICE_FAMILY = "1,2";
				TEST_HOST = "$(BUILT_PRODUCTS_DIR)/First iOS App.app/$(BUNDLE_EXECUTABLE_FOLDER_PATH)/First iOS App";
			};
			name = Release;
		};
		F0A4A1722D4087BA00B04DFC /* Debug */ = {
			isa = XCBuildConfiguration;
			buildSettings = {
				CODE_SIGN_STYLE = Automatic;
				CURRENT_PROJECT_VERSION = 1;
				DEVELOPMENT_TEAM = 6FA7X3MCRW;
				GENERATE_INFOPLIST_FILE = YES;
				MARKETING_VERSION = 1.0;
				PRODUCT_BUNDLE_IDENTIFIER = "com.anirudhsevugan.First-iOS-AppUITests";
				PRODUCT_NAME = "$(TARGET_NAME)";
				SWIFT_EMIT_LOC_STRINGS = NO;
				SWIFT_VERSION = 5.0;
				TARGETED_DEVICE_FAMILY = "1,2";
				TEST_TARGET_NAME = "First iOS App";
			};
			name = Debug;
		};
		F0A4A1732D4087BA00B04DFC /* Release */ = {
			isa = XCBuildConfiguration;
			buildSettings = {
				CODE_SIGN_STYLE = Automatic;
				CURRENT_PROJECT_VERSION = 1;
				DEVELOPMENT_TEAM = 6FA7X3MCRW;
				GENERATE_INFOPLIST_FILE = YES;
				MARKETING_VERSION = 1.0;
				PRODUCT_BUNDLE_IDENTIFIER = "com.anirudhsevugan.First-iOS-AppUITests";
				PRODUCT_NAME = "$(TARGET_NAME)";
				SWIFT_EMIT_LOC_STRINGS = NO;
				SWIFT_VERSION = 5.0;
				TARGETED_DEVICE_FAMILY = "1,2";
				TEST_TARGET_NAME = "First iOS App";
			};
			name = Release;
		};
/* End XCBuildConfiguration section */

/* Begin XCConfigurationList section */
		F0A4A1422D4087B800B04DFC /* Build configuration list for PBXProject "First iOS App" */ = {
			isa = XCConfigurationList;
			buildConfigurations = (
				F0A4A1692D4087BA00B04DFC /* Debug */,
				F0A4A16A2D4087BA00B04DFC /* Release */,
			);
			defaultConfigurationIsVisible = 0;
			defaultConfigurationName = Release;
		};
		F0A4A16B2D4087BA00B04DFC /* Build configuration list for PBXNativeTarget "First iOS App" */ = {
			isa = XCConfigurationList;
			buildConfigurations = (
				F0A4A16C2D4087BA00B04DFC /* Debug */,
				F0A4A16D2D4087BA00B04DFC /* Release */,
			);
			defaultConfigurationIsVisible = 0;
			defaultConfigurationName = Release;
		};
		F0A4A16E2D4087BA00B04DFC /* Build configuration list for PBXNativeTarget "First iOS AppTests" */ = {
			isa = XCConfigurationList;
			buildConfigurations = (
				F0A4A16F2D4087BA00B04DFC /* Debug */,
				F0A4A1702D4087BA00B04DFC /* Release */,
			);
			defaultConfigurationIsVisible = 0;
			defaultConfigurationName = Release;
		};
		F0A4A1712D4087BA00B04DFC /* Build configuration list for PBXNativeTarget "First iOS AppUITests" */ = {
			isa = XCConfigurationList;
			buildConfigurations = (
				F0A4A1722D4087BA00B04DFC /* Debug */,
				F0A4A1732D4087BA00B04DFC /* Release */,
			);
			defaultConfigurationIsVisible = 0;
			defaultConfigurationName = Release;
		};
/* End XCConfigurationList section */
	};
	rootObject = F0A4A13F2D4087B800B04DFC /* Project object */;
}
